
Microsoft Visual Studio Solution File, Format Version 12.00
# Visual Studio 15
Project("{FAE04EC0-301F-11D3-BF4B-00C04F79EFBC}") = "Assembly-CSharp", "Assembly-CSharp.csproj", "{0F479B34-5AC8-385A-4658-BDA59806A97A}"
EndProject
Project("{FAE04EC0-301F-11D3-BF4B-00C04F79EFBC}") = "Assembly-CSharp-Editor", "Assembly-CSharp-Editor.csproj", "{C9F7F861-F03B-32C5-C484-655258D5E54E}"
EndProject
Global
	GlobalSection(SolutionConfigurationPlatforms) = preSolution
		Debug|Any CPU = Debug|Any CPU
		Release|Any CPU = Release|Any CPU
	EndGlobalSection
	GlobalSection(ProjectConfigurationPlatforms) = postSolution
		{0F479B34-5AC8-385A-4658-BDA59806A97A}.Debug|Any CPU.ActiveCfg = Debug|Any CPU
		{0F479B34-5AC8-385A-4658-BDA59806A97A}.Debug|Any CPU.Build.0 = Debug|Any CPU
		{0F479B34-5AC8-385A-4658-BDA59806A97A}.Release|Any CPU.ActiveCfg = Release|Any CPU
		{0F479B34-5AC8-385A-4658-BDA59806A97A}.Release|Any CPU.Build.0 = Release|Any CPU
		{C9F7F861-F03B-32C5-C484-655258D5E54E}.Debug|Any CPU.ActiveCfg = Debug|Any CPU
		{C9F7F861-F03B-32C5-C484-655258D5E54E}.Debug|Any CPU.Build.0 = Debug|Any CPU
		{C9F7F861-F03B-32C5-C484-655258D5E54E}.Release|Any CPU.ActiveCfg = Release|Any CPU
		{C9F7F861-F03B-32C5-C484-655258D5E54E}.Release|Any CPU.Build.0 = Release|Any CPU
	EndGlobalSection
	GlobalSection(SolutionProperties) = preSolution
		HideSolutionNode = FALSE
	EndGlobalSection
EndGlobal
